
Microsoft Visual Studio Solution File, Format Version 12.00
# Visual Studio Version 16
VisualStudioVersion = 16.0.31613.86
MinimumVisualStudioVersion = 10.0.40219.1
Project("{6EC3EE1D-3C4E-46DD-8F32-0CC8E7565705}") = "flickeyboard", "flickeyboard\flickeyboard.fsproj", "{C4843287-B3AC-4D8C-A688-7DEE5EB3D30E}"
EndProject
Global
	GlobalSection(SolutionConfigurationPlatforms) = preSolution
		Debug|Any CPU = Debug|Any CPU
		Release|Any CPU = Release|Any CPU
	EndGlobalSection
	GlobalSection(ProjectConfigurationPlatforms) = postSolution
		{C4843287-B3AC-4D8C-A688-7DEE5EB3D30E}.Debug|Any CPU.ActiveCfg = Debug|Any CPU
		{C4843287-B3AC-4D8C-A688-7DEE5EB3D30E}.Debug|Any CPU.Build.0 = Debug|Any CPU
		{C4843287-B3AC-4D8C-A688-7DEE5EB3D30E}.Release|Any CPU.ActiveCfg = Release|Any CPU
		{C4843287-B3AC-4D8C-A688-7DEE5EB3D30E}.Release|Any CPU.Build.0 = Release|Any CPU
	EndGlobalSection
	GlobalSection(SolutionProperties) = preSolution
		HideSolutionNode = FALSE
	EndGlobalSection
	GlobalSection(ExtensibilityGlobals) = postSolution
		SolutionGuid = {49640CF3-2B78-47A6-9A52-35CCA4D64DB8}
	EndGlobalSection
EndGlobal
